
Microsoft Visual Studio Solution File, Format Version 12.00
# Visual Studio 2013
VisualStudioVersion = 12.0.30110.0
MinimumVisualStudioVersion = 10.0.40219.1
Project("{8BC9CEB8-8B4A-11D0-8D11-00A0C91BC942}") = "PS", "PS\PS.vcxproj", "{C29E8138-9F3F-4317-BE2C-966C6BA85FEC}"
	ProjectSection(ProjectDependencies) = postProject
		{1CC0F102-C8B5-4317-B98A-FDF5FF576D8C} = {1CC0F102-C8B5-4317-B98A-FDF5FF576D8C}
		{1C53F202-5AEF-45A4-B440-F02CEE56FDA4} = {1C53F202-5AEF-45A4-B440-F02CEE56FDA4}
		{6E1B451A-E9DA-45EC-B473-85170E98921E} = {6E1B451A-E9DA-45EC-B473-85170E98921E}
		{B7C6B724-A5D1-45BF-8785-508F32664C85} = {B7C6B724-A5D1-45BF-8785-508F32664C85}
		{A8A6373C-9759-4DB7-91E9-99217950F413} = {A8A6373C-9759-4DB7-91E9-99217950F413}
		{F1DE7444-95CB-4890-9C3F-9DF0E6DDA1E8} = {F1DE7444-95CB-4890-9C3F-9DF0E6DDA1E8}
		{1C34BE74-4223-44E5-9E61-5376E0E9CCD9} = {1C34BE74-4223-44E5-9E61-5376E0E9CCD9}
		{2822B2B5-52D3-422F-96FA-5B46D92FE07E} = {2822B2B5-52D3-422F-96FA-5B46D92FE07E}
		{6438F4DE-9C47-4D2B-BBF7-DE021E6D0C9B} = {6438F4DE-9C47-4D2B-BBF7-DE021E6D0C9B}
		{47390DE1-CDA0-4090-BCEE-F46A5DFA2D41} = {47390DE1-CDA0-4090-BCEE-F46A5DFA2D41}
		{5CE2ECE7-36CC-44B2-B249-13C7275F678C} = {5CE2ECE7-36CC-44B2-B249-13C7275F678C}
		{A7D5E8EC-2F35-4C13-B2D2-55F74A7ED713} = {A7D5E8EC-2F35-4C13-B2D2-55F74A7ED713}
		{B5A8D7F3-7E03-41D6-A37F-DCB2C5AF97EE} = {B5A8D7F3-7E03-41D6-A37F-DCB2C5AF97EE}
	EndProjectSection
EndProject
Project("{8BC9CEB8-8B4A-11D0-8D11-00A0C91BC942}") = "AI", "AI\AI.vcxproj", "{47390DE1-CDA0-4090-BCEE-F46A5DFA2D41}"
EndProject
Project("{8BC9CEB8-8B4A-11D0-8D11-00A0C91BC942}") = "AudioLib", "AudioLib\AudioLib.vcxproj", "{1C34BE74-4223-44E5-9E61-5376E0E9CCD9}"
EndProject
Project("{8BC9CEB8-8B4A-11D0-8D11-00A0C91BC942}") = "Camera", "Camera\Camera.vcxproj", "{6438F4DE-9C47-4D2B-BBF7-DE021E6D0C9B}"
EndProject
Project("{8BC9CEB8-8B4A-11D0-8D11-00A0C91BC942}") = "EffectsLib", "EffectsLib\EffectsLib.vcxproj", "{5CE2ECE7-36CC-44B2-B249-13C7275F678C}"
EndProject
Project("{8BC9CEB8-8B4A-11D0-8D11-00A0C91BC942}") = "HUD", "HUD\HUD.vcxproj", "{2822B2B5-52D3-422F-96FA-5B46D92FE07E}"
EndProject
Project("{8BC9CEB8-8B4A-11D0-8D11-00A0C91BC942}") = "InputLib", "InputLib\InputLib.vcxproj", "{F1DE7444-95CB-4890-9C3F-9DF0E6DDA1E8}"
EndProject
Project("{8BC9CEB8-8B4A-11D0-8D11-00A0C91BC942}") = "ObjectLib", "ObjectLib\ObjectLib.vcxproj", "{B5A8D7F3-7E03-41D6-A37F-DCB2C5AF97EE}"
EndProject
Project("{8BC9CEB8-8B4A-11D0-8D11-00A0C91BC942}") = "RenderEngine", "RenderEngine\RenderEngine.vcxproj", "{1C53F202-5AEF-45A4-B440-F02CEE56FDA4}"
EndProject
Project("{8BC9CEB8-8B4A-11D0-8D11-00A0C91BC942}") = "Utilities", "Utilities\Utilities.vcxproj", "{A7D5E8EC-2F35-4C13-B2D2-55F74A7ED713}"
EndProject
Project("{8BC9CEB8-8B4A-11D0-8D11-00A0C91BC942}") = "ComponentManager", "ComponentManager\ComponentManager.vcxproj", "{A8A6373C-9759-4DB7-91E9-99217950F413}"
	ProjectSection(ProjectDependencies) = postProject
		{6E1B451A-E9DA-45EC-B473-85170E98921E} = {6E1B451A-E9DA-45EC-B473-85170E98921E}
	EndProjectSection
EndProject
Project("{8BC9CEB8-8B4A-11D0-8D11-00A0C91BC942}") = "PhysicsEnvironment", "PhysicsEnvironment\PhysicsEnvironment.vcxproj", "{B7C6B724-A5D1-45BF-8785-508F32664C85}"
EndProject
Project("{8BC9CEB8-8B4A-11D0-8D11-00A0C91BC942}") = "AnimationLib", "AnimationLib\AnimationLib.vcxproj", "{6E1B451A-E9DA-45EC-B473-85170E98921E}"
EndProject
Project("{8BC9CEB8-8B4A-11D0-8D11-00A0C91BC942}") = "LevelManager", "LevelManager\LevelManager.vcxproj", "{1CC0F102-C8B5-4317-B98A-FDF5FF576D8C}"
EndProject
Global
	GlobalSection(SolutionConfigurationPlatforms) = preSolution
		Debug|Win32 = Debug|Win32
		Release|Win32 = Release|Win32
	EndGlobalSection
	GlobalSection(ProjectConfigurationPlatforms) = postSolution
		{C29E8138-9F3F-4317-BE2C-966C6BA85FEC}.Debug|Win32.ActiveCfg = Debug|Win32
		{C29E8138-9F3F-4317-BE2C-966C6BA85FEC}.Debug|Win32.Build.0 = Debug|Win32
		{C29E8138-9F3F-4317-BE2C-966C6BA85FEC}.Release|Win32.ActiveCfg = Release|Win32
		{C29E8138-9F3F-4317-BE2C-966C6BA85FEC}.Release|Win32.Build.0 = Release|Win32
		{47390DE1-CDA0-4090-BCEE-F46A5DFA2D41}.Debug|Win32.ActiveCfg = Debug|Win32
		{47390DE1-CDA0-4090-BCEE-F46A5DFA2D41}.Debug|Win32.Build.0 = Debug|Win32
		{47390DE1-CDA0-4090-BCEE-F46A5DFA2D41}.Release|Win32.ActiveCfg = Release|Win32
		{47390DE1-CDA0-4090-BCEE-F46A5DFA2D41}.Release|Win32.Build.0 = Release|Win32
		{1C34BE74-4223-44E5-9E61-5376E0E9CCD9}.Debug|Win32.ActiveCfg = Debug|Win32
		{1C34BE74-4223-44E5-9E61-5376E0E9CCD9}.Debug|Win32.Build.0 = Debug|Win32
		{1C34BE74-4223-44E5-9E61-5376E0E9CCD9}.Release|Win32.ActiveCfg = Release|Win32
		{1C34BE74-4223-44E5-9E61-5376E0E9CCD9}.Release|Win32.Build.0 = Release|Win32
		{6438F4DE-9C47-4D2B-BBF7-DE021E6D0C9B}.Debug|Win32.ActiveCfg = Debug|Win32
		{6438F4DE-9C47-4D2B-BBF7-DE021E6D0C9B}.Debug|Win32.Build.0 = Debug|Win32
		{6438F4DE-9C47-4D2B-BBF7-DE021E6D0C9B}.Release|Win32.ActiveCfg = Release|Win32
		{6438F4DE-9C47-4D2B-BBF7-DE021E6D0C9B}.Release|Win32.Build.0 = Release|Win32
		{5CE2ECE7-36CC-44B2-B249-13C7275F678C}.Debug|Win32.ActiveCfg = Debug|Win32
		{5CE2ECE7-36CC-44B2-B249-13C7275F678C}.Debug|Win32.Build.0 = Debug|Win32
		{5CE2ECE7-36CC-44B2-B249-13C7275F678C}.Release|Win32.ActiveCfg = Release|Win32
		{5CE2ECE7-36CC-44B2-B249-13C7275F678C}.Release|Win32.Build.0 = Release|Win32
		{2822B2B5-52D3-422F-96FA-5B46D92FE07E}.Debug|Win32.ActiveCfg = Debug|Win32
		{2822B2B5-52D3-422F-96FA-5B46D92FE07E}.Debug|Win32.Build.0 = Debug|Win32
		{2822B2B5-52D3-422F-96FA-5B46D92FE07E}.Release|Win32.ActiveCfg = Release|Win32
		{2822B2B5-52D3-422F-96FA-5B46D92FE07E}.Release|Win32.Build.0 = Release|Win32
		{F1DE7444-95CB-4890-9C3F-9DF0E6DDA1E8}.Debug|Win32.ActiveCfg = Debug|Win32
		{F1DE7444-95CB-4890-9C3F-9DF0E6DDA1E8}.Debug|Win32.Build.0 = Debug|Win32
		{F1DE7444-95CB-4890-9C3F-9DF0E6DDA1E8}.Release|Win32.ActiveCfg = Release|Win32
		{F1DE7444-95CB-4890-9C3F-9DF0E6DDA1E8}.Release|Win32.Build.0 = Release|Win32
		{B5A8D7F3-7E03-41D6-A37F-DCB2C5AF97EE}.Debug|Win32.ActiveCfg = Debug|Win32
		{B5A8D7F3-7E03-41D6-A37F-DCB2C5AF97EE}.Debug|Win32.Build.0 = Debug|Win32
		{B5A8D7F3-7E03-41D6-A37F-DCB2C5AF97EE}.Release|Win32.ActiveCfg = Release|Win32
		{B5A8D7F3-7E03-41D6-A37F-DCB2C5AF97EE}.Release|Win32.Build.0 = Release|Win32
		{1C53F202-5AEF-45A4-B440-F02CEE56FDA4}.Debug|Win32.ActiveCfg = Debug|Win32
		{1C53F202-5AEF-45A4-B440-F02CEE56FDA4}.Debug|Win32.Build.0 = Debug|Win32
		{1C53F202-5AEF-45A4-B440-F02CEE56FDA4}.Release|Win32.ActiveCfg = Release|Win32
		{1C53F202-5AEF-45A4-B440-F02CEE56FDA4}.Release|Win32.Build.0 = Release|Win32
		{A7D5E8EC-2F35-4C13-B2D2-55F74A7ED713}.Debug|Win32.ActiveCfg = Debug|Win32
		{A7D5E8EC-2F35-4C13-B2D2-55F74A7ED713}.Debug|Win32.Build.0 = Debug|Win32
		{A7D5E8EC-2F35-4C13-B2D2-55F74A7ED713}.Release|Win32.ActiveCfg = Release|Win32
		{A7D5E8EC-2F35-4C13-B2D2-55F74A7ED713}.Release|Win32.Build.0 = Release|Win32
		{A8A6373C-9759-4DB7-91E9-99217950F413}.Debug|Win32.ActiveCfg = Debug|Win32
		{A8A6373C-9759-4DB7-91E9-99217950F413}.Debug|Win32.Build.0 = Debug|Win32
		{A8A6373C-9759-4DB7-91E9-99217950F413}.Release|Win32.ActiveCfg = Release|Win32
		{A8A6373C-9759-4DB7-91E9-99217950F413}.Release|Win32.Build.0 = Release|Win32
		{B7C6B724-A5D1-45BF-8785-508F32664C85}.Debug|Win32.ActiveCfg = Debug|Win32
		{B7C6B724-A5D1-45BF-8785-508F32664C85}.Debug|Win32.Build.0 = Debug|Win32
		{B7C6B724-A5D1-45BF-8785-508F32664C85}.Release|Win32.ActiveCfg = Release|Win32
		{B7C6B724-A5D1-45BF-8785-508F32664C85}.Release|Win32.Build.0 = Release|Win32
		{6E1B451A-E9DA-45EC-B473-85170E98921E}.Debug|Win32.ActiveCfg = Debug|Win32
		{6E1B451A-E9DA-45EC-B473-85170E98921E}.Debug|Win32.Build.0 = Debug|Win32
		{6E1B451A-E9DA-45EC-B473-85170E98921E}.Release|Win32.ActiveCfg = Release|Win32
		{6E1B451A-E9DA-45EC-B473-85170E98921E}.Release|Win32.Build.0 = Release|Win32
		{1CC0F102-C8B5-4317-B98A-FDF5FF576D8C}.Debug|Win32.ActiveCfg = Debug|Win32
		{1CC0F102-C8B5-4317-B98A-FDF5FF576D8C}.Debug|Win32.Build.0 = Debug|Win32
		{1CC0F102-C8B5-4317-B98A-FDF5FF576D8C}.Release|Win32.ActiveCfg = Release|Win32
		{1CC0F102-C8B5-4317-B98A-FDF5FF576D8C}.Release|Win32.Build.0 = Release|Win32
	EndGlobalSection
	GlobalSection(SolutionProperties) = preSolution
		HideSolutionNode = FALSE
	EndGlobalSection
	GlobalSection(Performance) = preSolution
		HasPerformanceSessions = true
	EndGlobalSection
EndGlobal
